{
  "name": "anglify",
  "version": "0.0.0",
  "lockfileVersion": 2,
  "requires": true,
  "packages": {
    "": {
      "name": "anglify",
      "version": "0.0.0",
      "dependencies": {
        "tslib": "^2.2.0"
      },
      "peerDependencies": {
        "@angular/common": "^12.1.0",
        "@angular/core": "^12.1.0"
      }
    },
    "node_modules/@angular/common": {
      "version": "12.2.15",
      "resolved": "https://registry.npmjs.org/@angular/common/-/common-12.2.15.tgz",
      "integrity": "sha512-NXNittHsp8G1rqa5q8ZeiearDlAaB2JYV7hNBn+pUqCy0Cg7V+bfcDv9hOwotRLsMqY+BJ7XYLcRwI3r68lb4g==",
      "peer": true,
      "dependencies": {
        "tslib": "^2.2.0"
      },
      "engines": {
        "node": "^12.14.1 || >=14.0.0"
      },
      "peerDependencies": {
        "@angular/core": "12.2.15",
        "rxjs": "^6.5.3 || ^7.0.0"
      }
    },
    "node_modules/@angular/core": {
      "version": "12.2.15",
      "resolved": "https://registry.npmjs.org/@angular/core/-/core-12.2.15.tgz",
      "integrity": "sha512-67SS/eNN3kMvh5WSoRz5OPJYuh/kb9lFXS+iOgnDdPyI+HKdVlBrO4iW2EPCcE0gFrlVrbao8JrJfGtUz4Hs/w==",
      "peer": true,
      "dependencies": {
        "tslib": "^2.2.0"
      },
      "engines": {
        "node": "^12.14.1 || >=14.0.0"
      },
      "peerDependencies": {
        "rxjs": "^6.5.3 || ^7.0.0",
        "zone.js": "~0.11.4"
      }
    },
    "node_modules/rxjs": {
      "version": "7.5.1",
      "resolved": "https://registry.npmjs.org/rxjs/-/rxjs-7.5.1.tgz",
      "integrity": "sha512-KExVEeZWxMZnZhUZtsJcFwz8IvPvgu4G2Z2QyqjZQzUGr32KDYuSxrEYO4w3tFFNbfLozcrKUTvTPi+E9ywJkQ==",
      "peer": true,
      "dependencies": {
        "tslib": "^2.1.0"
      }
    },
    "node_modules/tslib": {
      "version": "2.3.1",
      "resolved": "https://registry.npmjs.org/tslib/-/tslib-2.3.1.tgz",
      "integrity": "sha512-77EbyPPpMz+FRFRuAFlWMtmgUWGe9UOG2Z25NqCwiIjRhOf5iKGuzSe5P2w1laq+FkRy4p+PCuVkJSGkzTEKVw=="
    },
    "node_modules/zone.js": {
      "version": "0.11.4",
      "resolved": "https://registry.npmjs.org/zone.js/-/zone.js-0.11.4.tgz",
      "integrity": "sha512-DDh2Ab+A/B+9mJyajPjHFPWfYU1H+pdun4wnnk0OcQTNjem1XQSZ2CDW+rfZEUDjv5M19SBqAkjZi0x5wuB5Qw==",
      "peer": true,
      "dependencies": {
        "tslib": "^2.0.0"
      }
    }
  },
  "dependencies": {
    "@angular/common": {
      "version": "12.2.15",
      "resolved": "https://registry.npmjs.org/@angular/common/-/common-12.2.15.tgz",
      "integrity": "sha512-NXNittHsp8G1rqa5q8ZeiearDlAaB2JYV7hNBn+pUqCy0Cg7V+bfcDv9hOwotRLsMqY+BJ7XYLcRwI3r68lb4g==",
      "peer": true,
      "requires": {
        "tslib": "^2.2.0"
      }
    },
    "@angular/core": {
      "version": "12.2.15",
      "resolved": "https://registry.npmjs.org/@angular/core/-/core-12.2.15.tgz",
      "integrity": "sha512-67SS/eNN3kMvh5WSoRz5OPJYuh/kb9lFXS+iOgnDdPyI+HKdVlBrO4iW2EPCcE0gFrlVrbao8JrJfGtUz4Hs/w==",
      "peer": true,
      "requires": {
        "tslib": "^2.2.0"
      }
    },
    "rxjs": {
      "version": "7.5.1",
      "resolved": "https://registry.npmjs.org/rxjs/-/rxjs-7.5.1.tgz",
      "integrity": "sha512-KExVEeZWxMZnZhUZtsJcFwz8IvPvgu4G2Z2QyqjZQzUGr32KDYuSxrEYO4w3tFFNbfLozcrKUTvTPi+E9ywJkQ==",
      "peer": true,
      "requires": {
        "tslib": "^2.1.0"
      }
    },
    "tslib": {
      "version": "2.3.1",
      "resolved": "https://registry.npmjs.org/tslib/-/tslib-2.3.1.tgz",
      "integrity": "sha512-77EbyPPpMz+FRFRuAFlWMtmgUWGe9UOG2Z25NqCwiIjRhOf5iKGuzSe5P2w1laq+FkRy4p+PCuVkJSGkzTEKVw=="
    },
    "zone.js": {
      "version": "0.11.4",
      "resolved": "https://registry.npmjs.org/zone.js/-/zone.js-0.11.4.tgz",
      "integrity": "sha512-DDh2Ab+A/B+9mJyajPjHFPWfYU1H+pdun4wnnk0OcQTNjem1XQSZ2CDW+rfZEUDjv5M19SBqAkjZi0x5wuB5Qw==",
      "peer": true,
      "requires": {
        "tslib": "^2.0.0"
      }
    }
  }
}
